// !$*UTF8*$!
{
	archiveVersion = 1;
	classes = {
	};
	objectVersion = 56;
	objects = {

/* Begin PBXBuildFile section */
		C60F15652925DB0800FD1725 /* HeaderView.swift in Sources */ = {isa = PBXBuildFile; fileRef = C60F15632925DB0800FD1725 /* HeaderView.swift */; };
		C60F15662925DB0800FD1725 /* HeaderView.xib in Resources */ = {isa = PBXBuildFile; fileRef = C60F15642925DB0800FD1725 /* HeaderView.xib */; };
		C60F156A2925F17500FD1725 /* RecommendedCell.swift in Sources */ = {isa = PBXBuildFile; fileRef = C60F15682925F17500FD1725 /* RecommendedCell.swift */; };
		C60F156B2925F17500FD1725 /* RecommendedCell.xib in Resources */ = {isa = PBXBuildFile; fileRef = C60F15692925F17500FD1725 /* RecommendedCell.xib */; };
		C65F72402925563C00218C5B /* AppDelegate.swift in Sources */ = {isa = PBXBuildFile; fileRef = C65F723F2925563C00218C5B /* AppDelegate.swift */; };
		C65F72422925563C00218C5B /* SceneDelegate.swift in Sources */ = {isa = PBXBuildFile; fileRef = C65F72412925563C00218C5B /* SceneDelegate.swift */; };
		C65F72442925563C00218C5B /* ViewController.swift in Sources */ = {isa = PBXBuildFile; fileRef = C65F72432925563C00218C5B /* ViewController.swift */; };
		C65F72472925563C00218C5B /* Main.storyboard in Resources */ = {isa = PBXBuildFile; fileRef = C65F72452925563C00218C5B /* Main.storyboard */; };
		C65F72492925563D00218C5B /* Assets.xcassets in Resources */ = {isa = PBXBuildFile; fileRef = C65F72482925563D00218C5B /* Assets.xcassets */; };
		C65F724C2925563D00218C5B /* LaunchScreen.storyboard in Resources */ = {isa = PBXBuildFile; fileRef = C65F724A2925563D00218C5B /* LaunchScreen.storyboard */; };
		C65F72BC29255C5500218C5B /* FeaturedCell.swift in Sources */ = {isa = PBXBuildFile; fileRef = C65F72BA29255C5500218C5B /* FeaturedCell.swift */; };
		C65F72BD29255C5500218C5B /* FeaturedCell.xib in Resources */ = {isa = PBXBuildFile; fileRef = C65F72BB29255C5500218C5B /* FeaturedCell.xib */; };
		C65F72C02925612100218C5B /* UIView+Extensions.swift in Sources */ = {isa = PBXBuildFile; fileRef = C65F72BF2925612100218C5B /* UIView+Extensions.swift */; };
		C65F72C62925670800218C5B /* LayoutSection.swift in Sources */ = {isa = PBXBuildFile; fileRef = C65F72C52925670800218C5B /* LayoutSection.swift */; };
		C65F72C92925689200218C5B /* Item.swift in Sources */ = {isa = PBXBuildFile; fileRef = C65F72C82925689200218C5B /* Item.swift */; };
		C65F72CB292569A300218C5B /* Kind.swift in Sources */ = {isa = PBXBuildFile; fileRef = C65F72CA292569A300218C5B /* Kind.swift */; };
		C65F72CD292569F100218C5B /* Section.swift in Sources */ = {isa = PBXBuildFile; fileRef = C65F72CC292569F100218C5B /* Section.swift */; };
		C65F72CF29256C8E00218C5B /* UICollectionView+Extension.swift in Sources */ = {isa = PBXBuildFile; fileRef = C65F72CE29256C8E00218C5B /* UICollectionView+Extension.swift */; };
		C65F72D129256CAE00218C5B /* RegisterableView.swift in Sources */ = {isa = PBXBuildFile; fileRef = C65F72D029256CAE00218C5B /* RegisterableView.swift */; };
/* End PBXBuildFile section */

/* Begin PBXFileReference section */
		C60F15632925DB0800FD1725 /* HeaderView.swift */ = {isa = PBXFileReference; lastKnownFileType = sourcecode.swift; path = HeaderView.swift; sourceTree = "<group>"; };
		C60F15642925DB0800FD1725 /* HeaderView.xib */ = {isa = PBXFileReference; lastKnownFileType = file.xib; path = HeaderView.xib; sourceTree = "<group>"; };
		C60F15682925F17500FD1725 /* RecommendedCell.swift */ = {isa = PBXFileReference; lastKnownFileType = sourcecode.swift; path = RecommendedCell.swift; sourceTree = "<group>"; };
		C60F15692925F17500FD1725 /* RecommendedCell.xib */ = {isa = PBXFileReference; lastKnownFileType = file.xib; path = RecommendedCell.xib; sourceTree = "<group>"; };
		C65F723C2925563C00218C5B /* Holi.app */ = {isa = PBXFileReference; explicitFileType = wrapper.application; includeInIndex = 0; path = Holi.app; sourceTree = BUILT_PRODUCTS_DIR; };
		C65F723F2925563C00218C5B /* AppDelegate.swift */ = {isa = PBXFileReference; lastKnownFileType = sourcecode.swift; path = AppDelegate.swift; sourceTree = "<group>"; };
		C65F72412925563C00218C5B /* SceneDelegate.swift */ = {isa = PBXFileReference; lastKnownFileType = sourcecode.swift; path = SceneDelegate.swift; sourceTree = "<group>"; };
		C65F72432925563C00218C5B /* ViewController.swift */ = {isa = PBXFileReference; lastKnownFileType = sourcecode.swift; path = ViewController.swift; sourceTree = "<group>"; };
		C65F72462925563C00218C5B /* Base */ = {isa = PBXFileReference; lastKnownFileType = file.storyboard; name = Base; path = Base.lproj/Main.storyboard; sourceTree = "<group>"; };
		C65F72482925563D00218C5B /* Assets.xcassets */ = {isa = PBXFileReference; lastKnownFileType = folder.assetcatalog; path = Assets.xcassets; sourceTree = "<group>"; };
		C65F724B2925563D00218C5B /* Base */ = {isa = PBXFileReference; lastKnownFileType = file.storyboard; name = Base; path = Base.lproj/LaunchScreen.storyboard; sourceTree = "<group>"; };
		C65F724D2925563D00218C5B /* Info.plist */ = {isa = PBXFileReference; lastKnownFileType = text.plist.xml; path = Info.plist; sourceTree = "<group>"; };
		C65F72BA29255C5500218C5B /* FeaturedCell.swift */ = {isa = PBXFileReference; lastKnownFileType = sourcecode.swift; path = FeaturedCell.swift; sourceTree = "<group>"; };
		C65F72BB29255C5500218C5B /* FeaturedCell.xib */ = {isa = PBXFileReference; lastKnownFileType = file.xib; path = FeaturedCell.xib; sourceTree = "<group>"; };
		C65F72BF2925612100218C5B /* UIView+Extensions.swift */ = {isa = PBXFileReference; lastKnownFileType = sourcecode.swift; path = "UIView+Extensions.swift"; sourceTree = "<group>"; };
		C65F72C52925670800218C5B /* LayoutSection.swift */ = {isa = PBXFileReference; lastKnownFileType = sourcecode.swift; path = LayoutSection.swift; sourceTree = "<group>"; };
		C65F72C82925689200218C5B /* Item.swift */ = {isa = PBXFileReference; lastKnownFileType = sourcecode.swift; path = Item.swift; sourceTree = "<group>"; };
		C65F72CA292569A300218C5B /* Kind.swift */ = {isa = PBXFileReference; lastKnownFileType = sourcecode.swift; path = Kind.swift; sourceTree = "<group>"; };
		C65F72CC292569F100218C5B /* Section.swift */ = {isa = PBXFileReference; lastKnownFileType = sourcecode.swift; path = Section.swift; sourceTree = "<group>"; };
		C65F72CE29256C8E00218C5B /* UICollectionView+Extension.swift */ = {isa = PBXFileReference; fileEncoding = 4; lastKnownFileType = sourcecode.swift; path = "UICollectionView+Extension.swift"; sourceTree = "<group>"; };
		C65F72D029256CAE00218C5B /* RegisterableView.swift */ = {isa = PBXFileReference; fileEncoding = 4; lastKnownFileType = sourcecode.swift; path = RegisterableView.swift; sourceTree = "<group>"; };
/* End PBXFileReference section */

/* Begin PBXFrameworksBuildPhase section */
		C65F72392925563C00218C5B /* Frameworks */ = {
			isa = PBXFrameworksBuildPhase;
			buildActionMask = 2147483647;
			files = (
			);
			runOnlyForDeploymentPostprocessing = 0;
		};
/* End PBXFrameworksBuildPhase section */

/* Begin PBXGroup section */
		C60F15672925F10500FD1725 /* Recommended */ = {
			isa = PBXGroup;
			children = (
				C60F15682925F17500FD1725 /* RecommendedCell.swift */,
				C60F15692925F17500FD1725 /* RecommendedCell.xib */,
			);
			path = Recommended;
			sourceTree = "<group>";
		};
		C65F72332925563C00218C5B = {
			isa = PBXGroup;
			children = (
				C65F723E2925563C00218C5B /* Holi */,
				C65F723D2925563C00218C5B /* Products */,
			);
			sourceTree = "<group>";
		};
		C65F723D2925563C00218C5B /* Products */ = {
			isa = PBXGroup;
			children = (
				C65F723C2925563C00218C5B /* Holi.app */,
			);
			name = Products;
			sourceTree = "<group>";
		};
		C65F723E2925563C00218C5B /* Holi */ = {
			isa = PBXGroup;
			children = (
				C65F72C72925688100218C5B /* Model */,
				C65F72C32925654B00218C5B /* App */,
				C65F72C22925652F00218C5B /* Controller */,
				C65F72BE2925610700218C5B /* Utils */,
				C65F72C12925652100218C5B /* View */,
				C65F72482925563D00218C5B /* Assets.xcassets */,
				C65F724D2925563D00218C5B /* Info.plist */,
			);
			path = Holi;
			sourceTree = "<group>";
		};
		C65F72BE2925610700218C5B /* Utils */ = {
			isa = PBXGroup;
			children = (
				C65F72D029256CAE00218C5B /* RegisterableView.swift */,
				C65F72CE29256C8E00218C5B /* UICollectionView+Extension.swift */,
				C65F72BF2925612100218C5B /* UIView+Extensions.swift */,
				C65F72C52925670800218C5B /* LayoutSection.swift */,
			);
			path = Utils;
			sourceTree = "<group>";
		};
		C65F72C12925652100218C5B /* View */ = {
			isa = PBXGroup;
			children = (
				C65F72C42925661700218C5B /* Feature */,
				C60F15672925F10500FD1725 /* Recommended */,
				C65F724A2925563D00218C5B /* LaunchScreen.storyboard */,
				C65F72452925563C00218C5B /* Main.storyboard */,
			);
			path = View;
			sourceTree = "<group>";
		};
		C65F72C22925652F00218C5B /* Controller */ = {
			isa = PBXGroup;
			children = (
				C65F72432925563C00218C5B /* ViewController.swift */,
			);
			path = Controller;
			sourceTree = "<group>";
		};
		C65F72C32925654B00218C5B /* App */ = {
			isa = PBXGroup;
			children = (
				C65F723F2925563C00218C5B /* AppDelegate.swift */,
				C65F72412925563C00218C5B /* SceneDelegate.swift */,
			);
			path = App;
			sourceTree = "<group>";
		};
		C65F72C42925661700218C5B /* Feature */ = {
			isa = PBXGroup;
			children = (
				C65F72BB29255C5500218C5B /* FeaturedCell.xib */,
				C65F72BA29255C5500218C5B /* FeaturedCell.swift */,
				C60F15632925DB0800FD1725 /* HeaderView.swift */,
				C60F15642925DB0800FD1725 /* HeaderView.xib */,
			);
			path = Feature;
			sourceTree = "<group>";
		};
		C65F72C72925688100218C5B /* Model */ = {
			isa = PBXGroup;
			children = (
				C65F72C82925689200218C5B /* Item.swift */,
				C65F72CA292569A300218C5B /* Kind.swift */,
				C65F72CC292569F100218C5B /* Section.swift */,
			);
			path = Model;
			sourceTree = "<group>";
		};
/* End PBXGroup section */

/* Begin PBXNativeTarget section */
		C65F723B2925563C00218C5B /* Holi */ = {
			isa = PBXNativeTarget;
			buildConfigurationList = C65F72502925563D00218C5B /* Build configuration list for PBXNativeTarget "Holi" */;
			buildPhases = (
				C65F72382925563C00218C5B /* Sources */,
				C65F72392925563C00218C5B /* Frameworks */,
				C65F723A2925563C00218C5B /* Resources */,
			);
			buildRules = (
			);
			dependencies = (
			);
			name = Holi;
			productName = Holi;
			productReference = C65F723C2925563C00218C5B /* Holi.app */;
			productType = "com.apple.product-type.application";
		};
/* End PBXNativeTarget section */

/* Begin PBXProject section */
		C65F72342925563C00218C5B /* Project object */ = {
			isa = PBXProject;
			attributes = {
				BuildIndependentTargetsInParallel = 1;
				LastSwiftUpdateCheck = 1410;
				LastUpgradeCheck = 1410;
				TargetAttributes = {
					C65F723B2925563C00218C5B = {
						CreatedOnToolsVersion = 14.1;
					};
				};
			};
			buildConfigurationList = C65F72372925563C00218C5B /* Build configuration list for PBXProject "Holi" */;
			compatibilityVersion = "Xcode 14.0";
			developmentRegion = en;
			hasScannedForEncodings = 0;
			knownRegions = (
				en,
				Base,
			);
			mainGroup = C65F72332925563C00218C5B;
			productRefGroup = C65F723D2925563C00218C5B /* Products */;
			projectDirPath = "";
			projectRoot = "";
			targets = (
				C65F723B2925563C00218C5B /* Holi */,
			);
		};
/* End PBXProject section */

/* Begin PBXResourcesBuildPhase section */
		C65F723A2925563C00218C5B /* Resources */ = {
			isa = PBXResourcesBuildPhase;
			buildActionMask = 2147483647;
			files = (
				C60F15662925DB0800FD1725 /* HeaderView.xib in Resources */,
				C65F724C2925563D00218C5B /* LaunchScreen.storyboard in Resources */,
				C65F72BD29255C5500218C5B /* FeaturedCell.xib in Resources */,
				C60F156B2925F17500FD1725 /* RecommendedCell.xib in Resources */,
				C65F72492925563D00218C5B /* Assets.xcassets in Resources */,
				C65F72472925563C00218C5B /* Main.storyboard in Resources */,
			);
			runOnlyForDeploymentPostprocessing = 0;
		};
/* End PBXResourcesBuildPhase section */

/* Begin PBXSourcesBuildPhase section */
		C65F72382925563C00218C5B /* Sources */ = {
			isa = PBXSourcesBuildPhase;
			buildActionMask = 2147483647;
			files = (
				C65F72CD292569F100218C5B /* Section.swift in Sources */,
				C65F72442925563C00218C5B /* ViewController.swift in Sources */,
				C65F72BC29255C5500218C5B /* FeaturedCell.swift in Sources */,
				C65F72C92925689200218C5B /* Item.swift in Sources */,
				C65F72CB292569A300218C5B /* Kind.swift in Sources */,
				C65F72C02925612100218C5B /* UIView+Extensions.swift in Sources */,
				C60F156A2925F17500FD1725 /* RecommendedCell.swift in Sources */,
				C65F72CF29256C8E00218C5B /* UICollectionView+Extension.swift in Sources */,
				C65F72402925563C00218C5B /* AppDelegate.swift in Sources */,
				C65F72422925563C00218C5B /* SceneDelegate.swift in Sources */,
				C60F15652925DB0800FD1725 /* HeaderView.swift in Sources */,
				C65F72D129256CAE00218C5B /* RegisterableView.swift in Sources */,
				C65F72C62925670800218C5B /* LayoutSection.swift in Sources */,
			);
			runOnlyForDeploymentPostprocessing = 0;
		};
/* End PBXSourcesBuildPhase section */

/* Begin PBXVariantGroup section */
		C65F72452925563C00218C5B /* Main.storyboard */ = {
			isa = PBXVariantGroup;
			children = (
				C65F72462925563C00218C5B /* Base */,
			);
			name = Main.storyboard;
			sourceTree = "<group>";
		};
		C65F724A2925563D00218C5B /* LaunchScreen.storyboard */ = {
			isa = PBXVariantGroup;
			children = (
				C65F724B2925563D00218C5B /* Base */,
			);
			name = LaunchScreen.storyboard;
			sourceTree = "<group>";
		};
/* End PBXVariantGroup section */

/* Begin XCBuildConfiguration section */
		C65F724E2925563D00218C5B /* Debug */ = {
			isa = XCBuildConfiguration;
			buildSettings = {
				ALWAYS_SEARCH_USER_PATHS = NO;
				CLANG_ANALYZER_NONNULL = YES;
				CLANG_ANALYZER_NUMBER_OBJECT_CONVERSION = YES_AGGRESSIVE;
				CLANG_CXX_LANGUAGE_STANDARD = "gnu++20";
				CLANG_ENABLE_MODULES = YES;
				CLANG_ENABLE_OBJC_ARC = YES;
				CLANG_ENABLE_OBJC_WEAK = YES;
				CLANG_WARN_BLOCK_CAPTURE_AUTORELEASING = YES;
				CLANG_WARN_BOOL_CONVERSION = YES;
				CLANG_WARN_COMMA = YES;
				CLANG_WARN_CONSTANT_CONVERSION = YES;
				CLANG_WARN_DEPRECATED_OBJC_IMPLEMENTATIONS = YES;
				CLANG_WARN_DIRECT_OBJC_ISA_USAGE = YES_ERROR;
				CLANG_WARN_DOCUMENTATION_COMMENTS = YES;
				CLANG_WARN_EMPTY_BODY = YES;
				CLANG_WARN_ENUM_CONVERSION = YES;
				CLANG_WARN_INFINITE_RECURSION = YES;
				CLANG_WARN_INT_CONVERSION = YES;
				CLANG_WARN_NON_LITERAL_NULL_CONVERSION = YES;
				CLANG_WARN_OBJC_IMPLICIT_RETAIN_SELF = YES;
				CLANG_WARN_OBJC_LITERAL_CONVERSION = YES;
				CLANG_WARN_OBJC_ROOT_CLASS = YES_ERROR;
				CLANG_WARN_QUOTED_INCLUDE_IN_FRAMEWORK_HEADER = YES;
				CLANG_WARN_RANGE_LOOP_ANALYSIS = YES;
				CLANG_WARN_STRICT_PROTOTYPES = YES;
				CLANG_WARN_SUSPICIOUS_MOVE = YES;
				CLANG_WARN_UNGUARDED_AVAILABILITY = YES_AGGRESSIVE;
				CLANG_WARN_UNREACHABLE_CODE = YES;
				CLANG_WARN__DUPLICATE_METHOD_MATCH = YES;
				COPY_PHASE_STRIP = NO;
				DEBUG_INFORMATION_FORMAT = dwarf;
				ENABLE_STRICT_OBJC_MSGSEND = YES;
				ENABLE_TESTABILITY = YES;
				GCC_C_LANGUAGE_STANDARD = gnu11;
				GCC_DYNAMIC_NO_PIC = NO;
				GCC_NO_COMMON_BLOCKS = YES;
				GCC_OPTIMIZATION_LEVEL = 0;
				GCC_PREPROCESSOR_DEFINITIONS = (
					"DEBUG=1",
					"$(inherited)",
				);
				GCC_WARN_64_TO_32_BIT_CONVERSION = YES;
				GCC_WARN_ABOUT_RETURN_TYPE = YES_ERROR;
				GCC_WARN_UNDECLARED_SELECTOR = YES;
				GCC_WARN_UNINITIALIZED_AUTOS = YES_AGGRESSIVE;
				GCC_WARN_UNUSED_FUNCTION = YES;
				GCC_WARN_UNUSED_VARIABLE = YES;
				IPHONEOS_DEPLOYMENT_TARGET = 16.1;
				MTL_ENABLE_DEBUG_INFO = INCLUDE_SOURCE;
				MTL_FAST_MATH = YES;
				ONLY_ACTIVE_ARCH = YES;
				SDKROOT = iphoneos;
				SWIFT_ACTIVE_COMPILATION_CONDITIONS = DEBUG;
				SWIFT_OPTIMIZATION_LEVEL = "-Onone";
			};
			name = Debug;
		};
		C65F724F2925563D00218C5B /* Release */ = {
			isa = XCBuildConfiguration;
			buildSettings = {
				ALWAYS_SEARCH_USER_PATHS = NO;
				CLANG_ANALYZER_NONNULL = YES;
				CLANG_ANALYZER_NUMBER_OBJECT_CONVERSION = YES_AGGRESSIVE;
				CLANG_CXX_LANGUAGE_STANDARD = "gnu++20";
				CLANG_ENABLE_MODULES = YES;
				CLANG_ENABLE_OBJC_ARC = YES;
				CLANG_ENABLE_OBJC_WEAK = YES;
				CLANG_WARN_BLOCK_CAPTURE_AUTORELEASING = YES;
				CLANG_WARN_BOOL_CONVERSION = YES;
				CLANG_WARN_COMMA = YES;
				CLANG_WARN_CONSTANT_CONVERSION = YES;
				CLANG_WARN_DEPRECATED_OBJC_IMPLEMENTATIONS = YES;
				CLANG_WARN_DIRECT_OBJC_ISA_USAGE = YES_ERROR;
				CLANG_WARN_DOCUMENTATION_COMMENTS = YES;
				CLANG_WARN_EMPTY_BODY = YES;
				CLANG_WARN_ENUM_CONVERSION = YES;
				CLANG_WARN_INFINITE_RECURSION = YES;
				CLANG_WARN_INT_CONVERSION = YES;
				CLANG_WARN_NON_LITERAL_NULL_CONVERSION = YES;
				CLANG_WARN_OBJC_IMPLICIT_RETAIN_SELF = YES;
				CLANG_WARN_OBJC_LITERAL_CONVERSION = YES;
				CLANG_WARN_OBJC_ROOT_CLASS = YES_ERROR;
				CLANG_WARN_QUOTED_INCLUDE_IN_FRAMEWORK_HEADER = YES;
				CLANG_WARN_RANGE_LOOP_ANALYSIS = YES;
				CLANG_WARN_STRICT_PROTOTYPES = YES;
				CLANG_WARN_SUSPICIOUS_MOVE = YES;
				CLANG_WARN_UNGUARDED_AVAILABILITY = YES_AGGRESSIVE;
				CLANG_WARN_UNREACHABLE_CODE = YES;
				CLANG_WARN__DUPLICATE_METHOD_MATCH = YES;
				COPY_PHASE_STRIP = NO;
				DEBUG_INFORMATION_FORMAT = "dwarf-with-dsym";
				ENABLE_NS_ASSERTIONS = NO;
				ENABLE_STRICT_OBJC_MSGSEND = YES;
				GCC_C_LANGUAGE_STANDARD = gnu11;
				GCC_NO_COMMON_BLOCKS = YES;
				GCC_WARN_64_TO_32_BIT_CONVERSION = YES;
				GCC_WARN_ABOUT_RETURN_TYPE = YES_ERROR;
				GCC_WARN_UNDECLARED_SELECTOR = YES;
				GCC_WARN_UNINITIALIZED_AUTOS = YES_AGGRESSIVE;
				GCC_WARN_UNUSED_FUNCTION = YES;
				GCC_WARN_UNUSED_VARIABLE = YES;
				IPHONEOS_DEPLOYMENT_TARGET = 16.1;
				MTL_ENABLE_DEBUG_INFO = NO;
				MTL_FAST_MATH = YES;
				SDKROOT = iphoneos;
				SWIFT_COMPILATION_MODE = wholemodule;
				SWIFT_OPTIMIZATION_LEVEL = "-O";
				VALIDATE_PRODUCT = YES;
			};
			name = Release;
		};
		C65F72512925563D00218C5B /* Debug */ = {
			isa = XCBuildConfiguration;
			buildSettings = {
				ASSETCATALOG_COMPILER_APPICON_NAME = AppIcon;
				ASSETCATALOG_COMPILER_GLOBAL_ACCENT_COLOR_NAME = AccentColor;
				CODE_SIGN_STYLE = Automatic;
				CURRENT_PROJECT_VERSION = 1;
				GENERATE_INFOPLIST_FILE = YES;
				INFOPLIST_FILE = Holi/Info.plist;
				INFOPLIST_KEY_UIApplicationSupportsIndirectInputEvents = YES;
				INFOPLIST_KEY_UILaunchStoryboardName = LaunchScreen;
				INFOPLIST_KEY_UIMainStoryboardFile = Main;
				INFOPLIST_KEY_UISupportedInterfaceOrientations_iPad = "UIInterfaceOrientationPortrait UIInterfaceOrientationPortraitUpsideDown UIInterfaceOrientationLandscapeLeft UIInterfaceOrientationLandscapeRight";
				INFOPLIST_KEY_UISupportedInterfaceOrientations_iPhone = "UIInterfaceOrientationPortrait UIInterfaceOrientationLandscapeLeft UIInterfaceOrientationLandscapeRight";
				LD_RUNPATH_SEARCH_PATHS = (
					"$(inherited)",
					"@executable_path/Frameworks",
				);
				MARKETING_VERSION = 1.0;
				PRODUCT_BUNDLE_IDENTIFIER = com.alandisseals.Holi;
				PRODUCT_NAME = "$(TARGET_NAME)";
				SWIFT_EMIT_LOC_STRINGS = YES;
				SWIFT_VERSION = 5.0;
				TARGETED_DEVICE_FAMILY = "1,2";
			};
			name = Debug;
		};
		C65F72522925563D00218C5B /* Release */ = {
			isa = XCBuildConfiguration;
			buildSettings = {
				ASSETCATALOG_COMPILER_APPICON_NAME = AppIcon;
				ASSETCATALOG_COMPILER_GLOBAL_ACCENT_COLOR_NAME = AccentColor;
				CODE_SIGN_STYLE = Automatic;
				CURRENT_PROJECT_VERSION = 1;
				GENERATE_INFOPLIST_FILE = YES;
				INFOPLIST_FILE = Holi/Info.plist;
				INFOPLIST_KEY_UIApplicationSupportsIndirectInputEvents = YES;
				INFOPLIST_KEY_UILaunchStoryboardName = LaunchScreen;
				INFOPLIST_KEY_UIMainStoryboardFile = Main;
				INFOPLIST_KEY_UISupportedInterfaceOrientations_iPad = "UIInterfaceOrientationPortrait UIInterfaceOrientationPortraitUpsideDown UIInterfaceOrientationLandscapeLeft UIInterfaceOrientationLandscapeRight";
				INFOPLIST_KEY_UISupportedInterfaceOrientations_iPhone = "UIInterfaceOrientationPortrait UIInterfaceOrientationLandscapeLeft UIInterfaceOrientationLandscapeRight";
				LD_RUNPATH_SEARCH_PATHS = (
					"$(inherited)",
					"@executable_path/Frameworks",
				);
				MARKETING_VERSION = 1.0;
				PRODUCT_BUNDLE_IDENTIFIER = com.alandisseals.Holi;
				PRODUCT_NAME = "$(TARGET_NAME)";
				SWIFT_EMIT_LOC_STRINGS = YES;
				SWIFT_VERSION = 5.0;
				TARGETED_DEVICE_FAMILY = "1,2";
			};
			name = Release;
		};
/* End XCBuildConfiguration section */

/* Begin XCConfigurationList section */
		C65F72372925563C00218C5B /* Build configuration list for PBXProject "Holi" */ = {
			isa = XCConfigurationList;
			buildConfigurations = (
				C65F724E2925563D00218C5B /* Debug */,
				C65F724F2925563D00218C5B /* Release */,
			);
			defaultConfigurationIsVisible = 0;
			defaultConfigurationName = Release;
		};
		C65F72502925563D00218C5B /* Build configuration list for PBXNativeTarget "Holi" */ = {
			isa = XCConfigurationList;
			buildConfigurations = (
				C65F72512925563D00218C5B /* Debug */,
				C65F72522925563D00218C5B /* Release */,
			);
			defaultConfigurationIsVisible = 0;
			defaultConfigurationName = Release;
		};
/* End XCConfigurationList section */
	};
	rootObject = C65F72342925563C00218C5B /* Project object */;
}
